
Microsoft Visual Studio Solution File, Format Version 12.00
# Visual Studio 14
VisualStudioVersion = 14.0.25123.0
MinimumVisualStudioVersion = 10.0.40219.1
Project("{FAE04EC0-301F-11D3-BF4B-00C04F79EFBC}") = "Coding Exercise", "Coding Exercise\Coding Exercise.csproj", "{A73B14B5-95CC-4531-9877-DCBCA2A5F4DC}"
EndProject
Project("{FAE04EC0-301F-11D3-BF4B-00C04F79EFBC}") = "CodingExerciseTests", "CodingExerciseTests\CodingExerciseTests.csproj", "{51F500B5-6678-415F-9186-1D8A0B06CC0F}"
EndProject
Global
	GlobalSection(SolutionConfigurationPlatforms) = preSolution
		Debug|Any CPU = Debug|Any CPU
		Release|Any CPU = Release|Any CPU
	EndGlobalSection
	GlobalSection(ProjectConfigurationPlatforms) = postSolution
		{A73B14B5-95CC-4531-9877-DCBCA2A5F4DC}.Debug|Any CPU.ActiveCfg = Debug|Any CPU
		{A73B14B5-95CC-4531-9877-DCBCA2A5F4DC}.Debug|Any CPU.Build.0 = Debug|Any CPU
		{A73B14B5-95CC-4531-9877-DCBCA2A5F4DC}.Release|Any CPU.ActiveCfg = Release|Any CPU
		{A73B14B5-95CC-4531-9877-DCBCA2A5F4DC}.Release|Any CPU.Build.0 = Release|Any CPU
		{51F500B5-6678-415F-9186-1D8A0B06CC0F}.Debug|Any CPU.ActiveCfg = Debug|Any CPU
		{51F500B5-6678-415F-9186-1D8A0B06CC0F}.Debug|Any CPU.Build.0 = Debug|Any CPU
		{51F500B5-6678-415F-9186-1D8A0B06CC0F}.Release|Any CPU.ActiveCfg = Release|Any CPU
		{51F500B5-6678-415F-9186-1D8A0B06CC0F}.Release|Any CPU.Build.0 = Release|Any CPU
	EndGlobalSection
	GlobalSection(SolutionProperties) = preSolution
		HideSolutionNode = FALSE
	EndGlobalSection
EndGlobal
